#MicroXplorer Configuration settings - do not modify
ADC1.Channel-0\#ChannelRegularConversion=ADC_CHANNEL_19
ADC1.Channel-1\#ChannelRegularConversion=ADC_CHANNEL_3
ADC1.ClockPrescaler=ADC_CLOCK_ASYNC_DIV8
ADC1.ContinuousConvMode=ENABLE
ADC1.IPParameters=Rank-0\#ChannelRegularConversion,Channel-0\#ChannelRegularConversion,SamplingTime-0\#ChannelRegularConversion,OffsetNumber-0\#ChannelRegularConversion,OffsetSignedSaturation-0\#ChannelRegularConversion,NbrOfConversionFlag,Resolution,ClockPrescaler,master,Rank-1\#ChannelRegularConversion,Channel-1\#ChannelRegularConversion,SamplingTime-1\#ChannelRegularConversion,OffsetNumber-1\#ChannelRegularConversion,NbrOfConversion,ContinuousConvMode
ADC1.NbrOfConversion=2
ADC1.NbrOfConversionFlag=1
ADC1.OffsetNumber-0\#ChannelRegularConversion=ADC_OFFSET_NONE
ADC1.OffsetNumber-1\#ChannelRegularConversion=ADC_OFFSET_NONE
ADC1.OffsetSignedSaturation-0\#ChannelRegularConversion=DISABLE
ADC1.Rank-0\#ChannelRegularConversion=1
ADC1.Rank-1\#ChannelRegularConversion=2
ADC1.Resolution=ADC_RESOLUTION_12B
ADC1.SamplingTime-0\#ChannelRegularConversion=ADC_SAMPLETIME_1CYCLE_5
ADC1.SamplingTime-1\#ChannelRegularConversion=ADC_SAMPLETIME_1CYCLE_5
ADC1.master=1
ADC2.Channel-0\#ChannelRegularConversion=ADC_CHANNEL_4
ADC2.ClockPrescaler=ADC_CLOCK_ASYNC_DIV8
ADC2.ContinuousConvMode=DISABLE
ADC2.EnableInjectedConversion=ENABLE
ADC2.ExternalTrigInjecConv=ADC_EXTERNALTRIGINJEC_T8_CC4
ADC2.IPParameters=Rank-0\#ChannelRegularConversion,Channel-0\#ChannelRegularConversion,SamplingTime-0\#ChannelRegularConversion,OffsetNumber-0\#ChannelRegularConversion,OffsetSignedSaturation-0\#ChannelRegularConversion,NbrOfConversionFlag,ClockPrescaler,ContinuousConvMode,EnableInjectedConversion,InjectedRank-1\#ChannelInjectedConversion,InjectedChannel-1\#ChannelInjectedConversion,InjectedSamplingTime-1\#ChannelInjectedConversion,InjectedOffsetNumber-1\#ChannelInjectedConversion,InjectedOffsetSignedSaturation-1\#ChannelInjectedConversion,InjectedOffsetSaturation-1\#ChannelInjectedConversion,InjectedRank-2\#ChannelInjectedConversion,InjectedChannel-2\#ChannelInjectedConversion,InjectedSamplingTime-2\#ChannelInjectedConversion,InjectedOffsetNumber-2\#ChannelInjectedConversion,InjectedOffsetSignedSaturation-2\#ChannelInjectedConversion,InjectedOffsetSaturation-2\#ChannelInjectedConversion,InjectedRank-3\#ChannelInjectedConversion,InjectedChannel-3\#ChannelInjectedConversion,InjectedSamplingTime-3\#ChannelInjectedConversion,InjectedOffsetNumber-3\#ChannelInjectedConversion,InjectedOffsetSignedSaturation-3\#ChannelInjectedConversion,InjectedOffsetSaturation-3\#ChannelInjectedConversion,InjNumberOfConversion,ExternalTrigInjecConv,NbrOfConversion
ADC2.InjNumberOfConversion=3
ADC2.InjectedChannel-1\#ChannelInjectedConversion=ADC_CHANNEL_8
ADC2.InjectedChannel-2\#ChannelInjectedConversion=ADC_CHANNEL_9
ADC2.InjectedChannel-3\#ChannelInjectedConversion=ADC_CHANNEL_5
ADC2.InjectedOffsetNumber-1\#ChannelInjectedConversion=ADC_OFFSET_NONE
ADC2.InjectedOffsetNumber-2\#ChannelInjectedConversion=ADC_OFFSET_NONE
ADC2.InjectedOffsetNumber-3\#ChannelInjectedConversion=ADC_OFFSET_NONE
ADC2.InjectedOffsetSaturation-1\#ChannelInjectedConversion=DISABLE
ADC2.InjectedOffsetSaturation-2\#ChannelInjectedConversion=DISABLE
ADC2.InjectedOffsetSaturation-3\#ChannelInjectedConversion=DISABLE
ADC2.InjectedOffsetSignedSaturation-1\#ChannelInjectedConversion=DISABLE
ADC2.InjectedOffsetSignedSaturation-2\#ChannelInjectedConversion=DISABLE
ADC2.InjectedOffsetSignedSaturation-3\#ChannelInjectedConversion=DISABLE
ADC2.InjectedRank-1\#ChannelInjectedConversion=1
ADC2.InjectedRank-2\#ChannelInjectedConversion=2
ADC2.InjectedRank-3\#ChannelInjectedConversion=3
ADC2.InjectedSamplingTime-1\#ChannelInjectedConversion=ADC_SAMPLETIME_2CYCLES_5
ADC2.InjectedSamplingTime-2\#ChannelInjectedConversion=ADC_SAMPLETIME_2CYCLES_5
ADC2.InjectedSamplingTime-3\#ChannelInjectedConversion=ADC_SAMPLETIME_2CYCLES_5
ADC2.NbrOfConversion=1
ADC2.NbrOfConversionFlag=1
ADC2.OffsetNumber-0\#ChannelRegularConversion=ADC_OFFSET_NONE
ADC2.OffsetSignedSaturation-0\#ChannelRegularConversion=DISABLE
ADC2.Rank-0\#ChannelRegularConversion=1
ADC2.SamplingTime-0\#ChannelRegularConversion=ADC_SAMPLETIME_1CYCLE_5
ADC3.Channel-1\#ChannelRegularConversion=ADC_CHANNEL_0
ADC3.Channel-2\#ChannelRegularConversion=ADC_CHANNEL_1
ADC3.Channel-3\#ChannelRegularConversion=ADC_CHANNEL_10
ADC3.Channel-4\#ChannelRegularConversion=ADC_CHANNEL_11
ADC3.ClockPrescaler=ADC_CLOCK_ASYNC_DIV8
ADC3.ClockPrescalerADC3=ADC_CLOCK_ASYNC_DIV8
ADC3.ContinuousConvMode=ENABLE
ADC3.ConversionDataManagement=ADC_CONVERSIONDATA_DR
ADC3.DMAContinuousRequests=DISABLE
ADC3.DiscontinuousConvMode=DISABLE
ADC3.EOCSelection=ADC_EOC_SEQ_CONV
ADC3.EnableInjectedConversion=ENABLE
ADC3.ExternalTrigInjecConv=ADC_EXTERNALTRIGINJEC_T8_CC4
ADC3.IPParameters=Rank-1\#ChannelRegularConversion,Channel-1\#ChannelRegularConversion,SamplingTime-1\#ChannelRegularConversion,OffsetNumber-1\#ChannelRegularConversion,OffsetSign-1\#ChannelRegularConversion,NbrOfConversionFlag,ContinuousConvMode,EOCSelection,Rank-2\#ChannelRegularConversion,Channel-2\#ChannelRegularConversion,SamplingTime-2\#ChannelRegularConversion,OffsetNumber-2\#ChannelRegularConversion,OffsetSign-2\#ChannelRegularConversion,Rank-3\#ChannelRegularConversion,Channel-3\#ChannelRegularConversion,SamplingTime-3\#ChannelRegularConversion,OffsetNumber-3\#ChannelRegularConversion,OffsetSign-3\#ChannelRegularConversion,Rank-4\#ChannelRegularConversion,Channel-4\#ChannelRegularConversion,SamplingTime-4\#ChannelRegularConversion,OffsetNumber-4\#ChannelRegularConversion,OffsetSign-4\#ChannelRegularConversion,NbrOfConversion,DMAContinuousRequests,ClockPrescalerADC3,ConversionDataManagement,Overrun,DiscontinuousConvMode,NbrOfDiscConversion,ClockPrescaler,EnableInjectedConversion,InjectedRank-5\#ChannelInjectedConversion,InjectedChannel-5\#ChannelInjectedConversion,InjectedSamplingTime-5\#ChannelInjectedConversion,InjectedOffsetNumber-5\#ChannelInjectedConversion,InjectedRank-6\#ChannelInjectedConversion,InjectedChannel-6\#ChannelInjectedConversion,InjectedSamplingTime-6\#ChannelInjectedConversion,InjectedOffsetNumber-6\#ChannelInjectedConversion,InjectedRank-7\#ChannelInjectedConversion,InjectedChannel-7\#ChannelInjectedConversion,InjectedSamplingTime-7\#ChannelInjectedConversion,InjectedOffsetNumber-7\#ChannelInjectedConversion,InjectedRank-8\#ChannelInjectedConversion,InjectedChannel-8\#ChannelInjectedConversion,InjectedSamplingTime-8\#ChannelInjectedConversion,InjectedOffsetNumber-8\#ChannelInjectedConversion,InjNumberOfConversion,ExternalTrigInjecConv,InjectedConvMode
ADC3.InjNumberOfConversion=4
ADC3.InjectedChannel-5\#ChannelInjectedConversion=ADC_CHANNEL_0
ADC3.InjectedChannel-6\#ChannelInjectedConversion=ADC_CHANNEL_1
ADC3.InjectedChannel-7\#ChannelInjectedConversion=ADC_CHANNEL_10
ADC3.InjectedChannel-8\#ChannelInjectedConversion=ADC_CHANNEL_11
ADC3.InjectedConvMode=None
ADC3.InjectedOffsetNumber-5\#ChannelInjectedConversion=ADC_OFFSET_NONE
ADC3.InjectedOffsetNumber-6\#ChannelInjectedConversion=ADC_OFFSET_NONE
ADC3.InjectedOffsetNumber-7\#ChannelInjectedConversion=ADC_OFFSET_NONE
ADC3.InjectedOffsetNumber-8\#ChannelInjectedConversion=ADC_OFFSET_NONE
ADC3.InjectedRank-5\#ChannelInjectedConversion=1
ADC3.InjectedRank-6\#ChannelInjectedConversion=2
ADC3.InjectedRank-7\#ChannelInjectedConversion=3
ADC3.InjectedRank-8\#ChannelInjectedConversion=4
ADC3.InjectedSamplingTime-5\#ChannelInjectedConversion=ADC3_SAMPLETIME_2CYCLES_5
ADC3.InjectedSamplingTime-6\#ChannelInjectedConversion=ADC3_SAMPLETIME_2CYCLES_5
ADC3.InjectedSamplingTime-7\#ChannelInjectedConversion=ADC3_SAMPLETIME_2CYCLES_5
ADC3.InjectedSamplingTime-8\#ChannelInjectedConversion=ADC3_SAMPLETIME_2CYCLES_5
ADC3.NbrOfConversion=4
ADC3.NbrOfConversionFlag=1
ADC3.NbrOfDiscConversion=1
ADC3.OffsetNumber-1\#ChannelRegularConversion=ADC_OFFSET_NONE
ADC3.OffsetNumber-2\#ChannelRegularConversion=ADC_OFFSET_NONE
ADC3.OffsetNumber-3\#ChannelRegularConversion=ADC_OFFSET_NONE
ADC3.OffsetNumber-4\#ChannelRegularConversion=ADC_OFFSET_NONE
ADC3.OffsetSign-1\#ChannelRegularConversion=ADC3_OFFSET_SIGN_NEGATIVE
ADC3.OffsetSign-2\#ChannelRegularConversion=ADC3_OFFSET_SIGN_NEGATIVE
ADC3.OffsetSign-3\#ChannelRegularConversion=ADC3_OFFSET_SIGN_NEGATIVE
ADC3.OffsetSign-4\#ChannelRegularConversion=ADC3_OFFSET_SIGN_NEGATIVE
ADC3.Overrun=ADC_OVR_DATA_OVERWRITTEN
ADC3.Rank-1\#ChannelRegularConversion=1
ADC3.Rank-2\#ChannelRegularConversion=2
ADC3.Rank-3\#ChannelRegularConversion=3
ADC3.Rank-4\#ChannelRegularConversion=4
ADC3.SamplingTime-1\#ChannelRegularConversion=ADC3_SAMPLETIME_2CYCLES_5
ADC3.SamplingTime-2\#ChannelRegularConversion=ADC3_SAMPLETIME_2CYCLES_5
ADC3.SamplingTime-3\#ChannelRegularConversion=ADC3_SAMPLETIME_2CYCLES_5
ADC3.SamplingTime-4\#ChannelRegularConversion=ADC3_SAMPLETIME_2CYCLES_5
CAD.formats=
CAD.pinconfig=
CAD.provider=
CORTEX_M7.BaseAddress_S-Cortex_Memory_Protection_Unit_Region1_Settings_S=0x30004000
CORTEX_M7.BaseAddress_Spec=0x30000000
CORTEX_M7.CPU_DCache=Disabled
CORTEX_M7.CPU_ICache=Disabled
CORTEX_M7.DisableExec_Spec=MPU_INSTRUCTION_ACCESS_ENABLE
CORTEX_M7.Enable_S-Cortex_Memory_Protection_Unit_Region1_Settings_S=MPU_REGION_ENABLE
CORTEX_M7.IPParameters=default_mode_Activation,CPU_ICache,CPU_DCache,BaseAddress_Spec,Size_Spec,SubRegionDisable_Spec,DisableExec_Spec,Enable_S-Cortex_Memory_Protection_Unit_Region1_Settings_S,BaseAddress_S-Cortex_Memory_Protection_Unit_Region1_Settings_S,Size_S-Cortex_Memory_Protection_Unit_Region1_Settings_S,TypeExtField_S-Cortex_Memory_Protection_Unit_Region1_Settings_S,IsShareable_S-Cortex_Memory_Protection_Unit_Region1_Settings_S
CORTEX_M7.IsShareable_S-Cortex_Memory_Protection_Unit_Region1_Settings_S=MPU_ACCESS_SHAREABLE
CORTEX_M7.Size_S-Cortex_Memory_Protection_Unit_Region1_Settings_S=MPU_REGION_SIZE_16KB
CORTEX_M7.Size_Spec=MPU_REGION_SIZE_256B
CORTEX_M7.SubRegionDisable_Spec=0x00
CORTEX_M7.TypeExtField_S-Cortex_Memory_Protection_Unit_Region1_Settings_S=MPU_TEX_LEVEL1
CORTEX_M7.default_mode_Activation=0
File.Version=6
GPIO.groupedBy=Group By Peripherals
I2C2.IPParameters=Timing
I2C2.Timing=0x60404E72
KeepUserPlacement=false
Mcu.CPN=STM32H723VGT6
Mcu.Family=STM32H7
Mcu.IP0=ADC1
Mcu.IP1=ADC2
Mcu.IP10=TIM8
Mcu.IP2=ADC3
Mcu.IP3=CORTEX_M7
Mcu.IP4=DEBUG
Mcu.IP5=I2C2
Mcu.IP6=NVIC
Mcu.IP7=RCC
Mcu.IP8=SYS
Mcu.IP9=TIM4
Mcu.IPNb=11
Mcu.Name=STM32H723VGTx
Mcu.Package=LQFP100
Mcu.Pin0=PE3
Mcu.Pin1=PH0-OSC_IN
Mcu.Pin10=PA6
Mcu.Pin11=PA7
Mcu.Pin12=PC4
Mcu.Pin13=PC5
Mcu.Pin14=PB0
Mcu.Pin15=PB1
Mcu.Pin16=PE7
Mcu.Pin17=PE15
Mcu.Pin18=PB10
Mcu.Pin19=PB11
Mcu.Pin2=PH1-OSC_OUT
Mcu.Pin20=PB14
Mcu.Pin21=PB15
Mcu.Pin22=PD11
Mcu.Pin23=PC6
Mcu.Pin24=PC7
Mcu.Pin25=PC8
Mcu.Pin26=PC9
Mcu.Pin27=PA13(JTMS/SWDIO)
Mcu.Pin28=PA14(JTCK/SWCLK)
Mcu.Pin29=PD3
Mcu.Pin3=PC0
Mcu.Pin30=PB3(JTDO/TRACESWO)
Mcu.Pin31=PB6
Mcu.Pin32=PB7
Mcu.Pin33=PE1
Mcu.Pin34=VP_SYS_VS_Systick
Mcu.Pin35=VP_TIM8_VS_ClockSourceINT
Mcu.Pin4=PC1
Mcu.Pin5=PC2_C
Mcu.Pin6=PC3_C
Mcu.Pin7=PA2
Mcu.Pin8=PA3
Mcu.Pin9=PA5
Mcu.PinsNb=36
Mcu.ThirdPartyNb=0
Mcu.UserConstants=_ENCODERLINS,16384;_ARR,13750
Mcu.UserName=STM32H723VGTx
MxCube.Version=6.10.0
MxDb.Version=DB.6.0.100
NVIC.ADC_IRQn=true\:0\:0\:false\:false\:true\:true\:true\:true
NVIC.BusFault_IRQn=true\:0\:0\:false\:false\:true\:false\:false\:false
NVIC.DebugMonitor_IRQn=true\:0\:0\:false\:false\:true\:false\:false\:false
NVIC.ForceEnableDMAVector=false
NVIC.HardFault_IRQn=true\:0\:0\:false\:false\:true\:false\:false\:false
NVIC.I2C2_ER_IRQn=true\:0\:0\:false\:false\:true\:true\:true\:true
NVIC.I2C2_EV_IRQn=true\:0\:0\:true\:false\:true\:true\:true\:true
NVIC.MemoryManagement_IRQn=true\:0\:0\:false\:false\:true\:false\:false\:false
NVIC.NonMaskableInt_IRQn=true\:0\:0\:false\:false\:true\:false\:false\:false
NVIC.PendSV_IRQn=true\:0\:0\:false\:false\:true\:false\:false\:false
NVIC.PriorityGroup=NVIC_PRIORITYGROUP_4
NVIC.SVCall_IRQn=true\:0\:0\:false\:false\:true\:false\:false\:false
NVIC.SysTick_IRQn=true\:15\:0\:false\:false\:true\:false\:true\:false
NVIC.UsageFault_IRQn=true\:0\:0\:false\:false\:true\:false\:false\:false
PA13(JTMS/SWDIO).Mode=Serial_Wire
PA13(JTMS/SWDIO).Signal=DEBUG_JTMS-SWDIO
PA14(JTCK/SWCLK).Mode=Serial_Wire
PA14(JTCK/SWCLK).Signal=DEBUG_JTCK-SWCLK
PA2.Locked=true
PA2.Signal=ADCx_INP14
PA3.Locked=true
PA3.Signal=ADCx_INP15
PA5.Locked=true
PA5.Signal=ADCx_INP19
PA6.Signal=ADCx_INP3
PA7.Locked=true
PA7.Mode=PWM Generation1 CH1 CH1N
PA7.Signal=TIM8_CH1N
PB0.Signal=ADCx_INP9
PB1.Signal=ADCx_INP5
PB10.Mode=I2C
PB10.Signal=I2C2_SCL
PB11.Mode=I2C
PB11.Signal=I2C2_SDA
PB14.Mode=PWM Generation2 CH2 CH2N
PB14.Signal=TIM8_CH2N
PB15.Mode=PWM Generation3 CH3 CH3N
PB15.Signal=TIM8_CH3N
PB3(JTDO/TRACESWO).GPIOParameters=GPIO_Label
PB3(JTDO/TRACESWO).GPIO_Label=WATCHDOG_IN
PB3(JTDO/TRACESWO).Locked=true
PB3(JTDO/TRACESWO).Signal=GPIO_Output
PB6.Locked=true
PB6.Signal=S_TIM4_CH1
PB7.Locked=true
PB7.Signal=S_TIM4_CH2
PC0.Locked=true
PC0.Signal=ADCx_INP10
PC1.Signal=ADCx_INP11
PC2_C.Locked=true
PC2_C.Mode=IN0-Single-Ended
PC2_C.Signal=ADC3_INP0
PC3_C.Locked=true
PC3_C.Mode=IN1-Single-Ended
PC3_C.Signal=ADC3_INP1
PC4.Locked=true
PC4.Signal=ADCx_INP4
PC5.Signal=ADCx_INP8
PC6.Signal=S_TIM8_CH1
PC7.Signal=S_TIM8_CH2
PC8.Signal=S_TIM8_CH3
PC9.Signal=S_TIM8_CH4
PD11.GPIOParameters=GPIO_Label
PD11.GPIO_Label=MAIN_POWER_OFF
PD11.Locked=true
PD11.Signal=GPIO_Output
PD3.GPIOParameters=GPIO_Label
PD3.GPIO_Label=VCC5V_OUT_EN
PD3.Locked=true
PD3.Signal=GPIO_Output
PE1.GPIOParameters=GPIO_Label
PE1.GPIO_Label=TEST_IO
PE1.Locked=true
PE1.Signal=GPIO_Output
PE15.GPIOParameters=GPIO_Label
PE15.GPIO_Label=VCC3V3_OUT_EN
PE15.Locked=true
PE15.Signal=GPIO_Output
PE3.GPIOParameters=GPIO_Label
PE3.GPIO_Label=LED_01
PE3.Locked=true
PE3.Signal=GPIO_Output
PE7.GPIOParameters=GPIO_Label
PE7.GPIO_Label=EBAKE_PWM_EN
PE7.Locked=true
PE7.Signal=GPIO_Output
PH0-OSC_IN.Mode=HSE-External-Oscillator
PH0-OSC_IN.Signal=RCC_OSC_IN
PH1-OSC_OUT.Mode=HSE-External-Oscillator
PH1-OSC_OUT.Signal=RCC_OSC_OUT
PinOutPanel.RotationAngle=0
ProjectManager.AskForMigrate=true
ProjectManager.BackupPrevious=false
ProjectManager.CompilerOptimize=6
ProjectManager.ComputerToolchain=false
ProjectManager.CoupleFile=true
ProjectManager.CustomerFirmwarePackage=
ProjectManager.DefaultFWLocation=true
ProjectManager.DeletePrevious=true
ProjectManager.DeviceId=STM32H723VGTx
ProjectManager.FirmwarePackage=STM32Cube FW_H7 V1.11.1
ProjectManager.FreePins=false
ProjectManager.HalAssertFull=false
ProjectManager.HeapSize=0x200
ProjectManager.KeepUserCode=true
ProjectManager.LastFirmware=true
ProjectManager.LibraryCopy=0
ProjectManager.MainLocation=Src
ProjectManager.NoMain=false
ProjectManager.PreviousToolchain=
ProjectManager.ProjectBuild=false
ProjectManager.ProjectFileName=STM32H723_GCC.ioc
ProjectManager.ProjectName=STM32H723_GCC
ProjectManager.ProjectStructure=
ProjectManager.RegisterCallBack=
ProjectManager.StackSize=0x400
ProjectManager.TargetToolchain=Makefile
ProjectManager.ToolChainLocation=
ProjectManager.UAScriptAfterPath=
ProjectManager.UAScriptBeforePath=
ProjectManager.UnderRoot=false
ProjectManager.functionlistsort=1-SystemClock_Config-RCC-false-HAL-false,2-MX_GPIO_Init-GPIO-false-HAL-true,3-MX_TIM8_Init-TIM8-false-HAL-true,4-MX_ADC2_Init-ADC2-false-HAL-true,5-MX_ADC3_Init-ADC3-false-HAL-true,6-MX_I2C2_Init-I2C2-false-HAL-true,7-MX_ADC1_Init-ADC1-false-HAL-true,8-MX_TIM4_Init-TIM4-false-HAL-true,0-MX_CORTEX_M7_Init-CORTEX_M7-false-HAL-true
RCC.ADCFreq_Value=64000000
RCC.AHB12Freq_Value=275000000
RCC.AHB4Freq_Value=275000000
RCC.APB1Freq_Value=137500000
RCC.APB2Freq_Value=137500000
RCC.APB3Freq_Value=137500000
RCC.APB4Freq_Value=137500000
RCC.AXIClockFreq_Value=275000000
RCC.CECFreq_Value=32000
RCC.CKPERFreq_Value=64000000
RCC.CortexFreq_Value=550000000
RCC.CpuClockFreq_Value=550000000
RCC.D1CPREFreq_Value=550000000
RCC.D1PPRE=RCC_APB3_DIV2
RCC.D2PPRE1=RCC_APB1_DIV2
RCC.D2PPRE2=RCC_APB2_DIV2
RCC.D3PPRE=RCC_APB4_DIV2
RCC.DFSDMACLkFreq_Value=275000000
RCC.DFSDMFreq_Value=137500000
RCC.DIVM1=4
RCC.DIVM2=4
RCC.DIVN1=34
RCC.DIVN2=12
RCC.DIVP1=1
RCC.DIVP1Freq_Value=550000000
RCC.DIVP2=3
RCC.DIVP2Freq_Value=64000000
RCC.DIVP3Freq_Value=129000000
RCC.DIVQ1Freq_Value=275000000
RCC.DIVQ2Freq_Value=96000000
RCC.DIVQ3Freq_Value=129000000
RCC.DIVR1Freq_Value=275000000
RCC.DIVR2Freq_Value=96000000
RCC.DIVR3Freq_Value=129000000
RCC.FDCANFreq_Value=275000000
RCC.FMCFreq_Value=275000000
RCC.FamilyName=M
RCC.HCLK3ClockFreq_Value=275000000
RCC.HCLKFreq_Value=275000000
RCC.HPRE=RCC_HCLK_DIV2
RCC.HSE_VALUE=12000000
RCC.I2C123Freq_Value=137500000
RCC.I2C4Freq_Value=137500000
RCC.IPParameters=ADCFreq_Value,AHB12Freq_Value,AHB4Freq_Value,APB1Freq_Value,APB2Freq_Value,APB3Freq_Value,APB4Freq_Value,AXIClockFreq_Value,CECFreq_Value,CKPERFreq_Value,CortexFreq_Value,CpuClockFreq_Value,D1CPREFreq_Value,D1PPRE,D2PPRE1,D2PPRE2,D3PPRE,DFSDMACLkFreq_Value,DFSDMFreq_Value,DIVM1,DIVM2,DIVN1,DIVN2,DIVP1,DIVP1Freq_Value,DIVP2,DIVP2Freq_Value,DIVP3Freq_Value,DIVQ1Freq_Value,DIVQ2Freq_Value,DIVQ3Freq_Value,DIVR1Freq_Value,DIVR2Freq_Value,DIVR3Freq_Value,FDCANFreq_Value,FMCFreq_Value,FamilyName,HCLK3ClockFreq_Value,HCLKFreq_Value,HPRE,HSE_VALUE,I2C123Freq_Value,I2C4Freq_Value,LPTIM1Freq_Value,LPTIM2Freq_Value,LPTIM345Freq_Value,LPUART1Freq_Value,LTDCFreq_Value,MCO1PinFreq_Value,MCO2PinFreq_Value,PLL2FRACN,PLL3FRACN,PLLFRACN,QSPIFreq_Value,RNGFreq_Value,RTCFreq_Value,SAI1Freq_Value,SAI4AFreq_Value,SAI4BFreq_Value,SDMMCFreq_Value,SPDIFRXFreq_Value,SPI123Freq_Value,SPI45Freq_Value,SPI6Freq_Value,SWPMI1Freq_Value,SYSCLKFreq_VALUE,SYSCLKSource,Tim1OutputFreq_Value,Tim2OutputFreq_Value,TraceFreq_Value,USART16Freq_Value,USART234578Freq_Value,USBFreq_Value,VCO1OutputFreq_Value,VCO2OutputFreq_Value,VCO3OutputFreq_Value,VCOInput1Freq_Value,VCOInput2Freq_Value,VCOInput3Freq_Value
RCC.LPTIM1Freq_Value=137500000
RCC.LPTIM2Freq_Value=137500000
RCC.LPTIM345Freq_Value=137500000
RCC.LPUART1Freq_Value=137500000
RCC.LTDCFreq_Value=129000000
RCC.MCO1PinFreq_Value=64000000
RCC.MCO2PinFreq_Value=550000000
RCC.PLL2FRACN=0
RCC.PLL3FRACN=0
RCC.PLLFRACN=3072
RCC.QSPIFreq_Value=275000000
RCC.RNGFreq_Value=48000000
RCC.RTCFreq_Value=32000
RCC.SAI1Freq_Value=275000000
RCC.SAI4AFreq_Value=275000000
RCC.SAI4BFreq_Value=275000000
RCC.SDMMCFreq_Value=275000000
RCC.SPDIFRXFreq_Value=275000000
RCC.SPI123Freq_Value=275000000
RCC.SPI45Freq_Value=137500000
RCC.SPI6Freq_Value=137500000
RCC.SWPMI1Freq_Value=137500000
RCC.SYSCLKFreq_VALUE=550000000
RCC.SYSCLKSource=RCC_SYSCLKSOURCE_PLLCLK
RCC.Tim1OutputFreq_Value=275000000
RCC.Tim2OutputFreq_Value=275000000
RCC.TraceFreq_Value=275000000
RCC.USART16Freq_Value=137500000
RCC.USART234578Freq_Value=137500000
RCC.USBFreq_Value=275000000
RCC.VCO1OutputFreq_Value=550000000
RCC.VCO2OutputFreq_Value=192000000
RCC.VCO3OutputFreq_Value=258000000
RCC.VCOInput1Freq_Value=16000000
RCC.VCOInput2Freq_Value=16000000
RCC.VCOInput3Freq_Value=2000000
SH.ADCx_INP10.0=ADC3_INP10,IN10-Single-Ended
SH.ADCx_INP10.ConfNb=1
SH.ADCx_INP11.0=ADC3_INP11,IN11-Single-Ended
SH.ADCx_INP11.ConfNb=1
SH.ADCx_INP14.0=ADC2_INP14,IN14-Single-Ended
SH.ADCx_INP14.ConfNb=1
SH.ADCx_INP15.0=ADC2_INP15,IN15-Single-Ended
SH.ADCx_INP15.ConfNb=1
SH.ADCx_INP19.0=ADC1_INP19,IN19-Single-Ended
SH.ADCx_INP19.ConfNb=1
SH.ADCx_INP3.0=ADC1_INP3,IN3-Single-Ended
SH.ADCx_INP3.ConfNb=1
SH.ADCx_INP4.0=ADC2_INP4,IN4-Single-Ended
SH.ADCx_INP4.ConfNb=1
SH.ADCx_INP5.0=ADC2_INP5,IN5-Single-Ended
SH.ADCx_INP5.ConfNb=1
SH.ADCx_INP8.0=ADC2_INP8,IN8-Single-Ended
SH.ADCx_INP8.ConfNb=1
SH.ADCx_INP9.0=ADC2_INP9,IN9-Single-Ended
SH.ADCx_INP9.ConfNb=1
SH.S_TIM4_CH1.0=TIM4_CH1,Encoder_Interface
SH.S_TIM4_CH1.ConfNb=1
SH.S_TIM4_CH2.0=TIM4_CH2,Encoder_Interface
SH.S_TIM4_CH2.ConfNb=1
SH.S_TIM8_CH1.0=TIM8_CH1,PWM Generation1 CH1 CH1N
SH.S_TIM8_CH1.ConfNb=1
SH.S_TIM8_CH2.0=TIM8_CH2,PWM Generation2 CH2 CH2N
SH.S_TIM8_CH2.ConfNb=1
SH.S_TIM8_CH3.0=TIM8_CH3,PWM Generation3 CH3 CH3N
SH.S_TIM8_CH3.ConfNb=1
SH.S_TIM8_CH4.0=TIM8_CH4,PWM Generation4 CH4
SH.S_TIM8_CH4.ConfNb=1
TIM4.EncoderMode=TIM_ENCODERMODE_TI12
TIM4.IC1Filter=15
TIM4.IC2Filter=15
TIM4.IPParameters=Period,EncoderMode,IC1Filter,IC2Filter
TIM4.Period=_ENCODERLINS-1
TIM8.Channel-PWM\ Generation1\ CH1\ CH1N=TIM_CHANNEL_1
TIM8.Channel-PWM\ Generation2\ CH2\ CH2N=TIM_CHANNEL_2
TIM8.Channel-PWM\ Generation3\ CH3\ CH3N=TIM_CHANNEL_3
TIM8.Channel-PWM\ Generation4\ CH4=TIM_CHANNEL_4
TIM8.ClockDivision=TIM_CLOCKDIVISION_DIV1
TIM8.CounterMode=TIM_COUNTERMODE_CENTERALIGNED1
TIM8.DeadTime=120
TIM8.IPParameters=Channel-PWM Generation1 CH1 CH1N,Channel-PWM Generation2 CH2 CH2N,Channel-PWM Generation3 CH3 CH3N,CounterMode,Period,Prescaler,Channel-PWM Generation4 CH4,TIM_MasterSlaveMode,TIM_MasterOutputTrigger,TIM_MasterOutputTrigger2,Pulse-PWM Generation4 CH4,OCNPolarity_3,OCNIdleState_3,OCNPolarity_2,OCNIdleState_2,OCNIdleState_1,OCNPolarity_1,ClockDivision,DeadTime
TIM8.OCNIdleState_1=TIM_OCNIDLESTATE_RESET
TIM8.OCNIdleState_2=TIM_OCNIDLESTATE_RESET
TIM8.OCNIdleState_3=TIM_OCNIDLESTATE_RESET
TIM8.OCNPolarity_1=TIM_OCNPOLARITY_LOW
TIM8.OCNPolarity_2=TIM_OCNPOLARITY_LOW
TIM8.OCNPolarity_3=TIM_OCNPOLARITY_LOW
TIM8.Period=_ARR-1
TIM8.Prescaler=0
TIM8.Pulse-PWM\ Generation4\ CH4=2400
TIM8.TIM_MasterOutputTrigger=TIM_TRGO_RESET
TIM8.TIM_MasterOutputTrigger2=TIM_TRGO2_RESET
TIM8.TIM_MasterSlaveMode=TIM_MASTERSLAVEMODE_DISABLE
VP_SYS_VS_Systick.Mode=SysTick
VP_SYS_VS_Systick.Signal=SYS_VS_Systick
VP_TIM8_VS_ClockSourceINT.Mode=Internal
VP_TIM8_VS_ClockSourceINT.Signal=TIM8_VS_ClockSourceINT
board=custom
